{
  "version": 4,
  "terraform_version": "1.0.9",
  "serial": 67,
  "lineage": "4e853b50-1998-20c3-5404-0434acae64f2",
  "outputs": {
    "jumpbox_public_ip": {
      "value": "20.115.114.94",
      "type": "string"
    },
    "jumpbox_public_ip_fqdn": {
      "value": "hqansx-ssh.eastus.cloudapp.azure.com",
      "type": "string"
    },
    "vmss_public_ip_fqdn": {
      "value": "hqansx.eastus.cloudapp.azure.com",
      "type": "string"
    }
  },
  "resources": [
    {
      "mode": "data",
      "type": "azurerm_image",
      "name": "image",
      "provider": "provider[\"registry.terraform.io/hashicorp/azurerm\"]",
      "instances": [
        {
          "schema_version": 0,
          "attributes": {
            "data_disk": [],
            "id": "/subscriptions/bb154300-88af-4fe8-b226-1ca08d7c53d4/resourceGroups/myPackerImages/providers/Microsoft.Compute/images/myPackerImage",
            "location": "eastus",
            "name": "myPackerImage",
            "name_regex": null,
            "os_disk": [
              {
                "blob_uri": "",
                "caching": "ReadWrite",
                "managed_disk_id": "/subscriptions/bb154300-88af-4fe8-b226-1ca08d7c53d4/resourceGroups/pkr-Resource-Group-y4hz9a351p/providers/Microsoft.Compute/disks/pkrosy4hz9a351p",
                "os_state": "Generalized",
                "os_type": "Linux",
                "size_gb": 30
              }
            ],
            "resource_group_name": "myPackerImages",
            "sort_descending": false,
            "tags": {
              "Client": "JMC"
            },
            "timeouts": null,
            "zone_resilient": false
          },
          "sensitive_attributes": []
        }
      ]
    },
    {
      "mode": "data",
      "type": "azurerm_resource_group",
      "name": "image",
      "provider": "provider[\"registry.terraform.io/hashicorp/azurerm\"]",
      "instances": [
        {
          "schema_version": 0,
          "attributes": {
            "id": "/subscriptions/bb154300-88af-4fe8-b226-1ca08d7c53d4/resourceGroups/myPackerImages",
            "location": "eastus",
            "name": "myPackerImages",
            "tags": {},
            "timeouts": null
          },
          "sensitive_attributes": []
        }
      ]
    },
    {
      "mode": "managed",
      "type": "azurerm_availability_set",
      "name": "vmss",
      "provider": "provider[\"registry.terraform.io/hashicorp/azurerm\"]",
      "instances": [
        {
          "schema_version": 0,
          "attributes": {
            "id": "/subscriptions/bb154300-88af-4fe8-b226-1ca08d7c53d4/resourceGroups/JMC_resource_group/providers/Microsoft.Compute/availabilitySets/JMC-aset",
            "location": "eastus",
            "managed": true,
            "name": "JMC-aset",
            "platform_fault_domain_count": 3,
            "platform_update_domain_count": 5,
            "proximity_placement_group_id": null,
            "resource_group_name": "JMC_resource_group",
            "tags": {
              "Client": "JMC"
            },
            "timeouts": null
          },
          "sensitive_attributes": [],
          "private": "eyJlMmJmYjczMC1lY2FhLTExZTYtOGY4OC0zNDM2M2JjN2M0YzAiOnsiY3JlYXRlIjoxODAwMDAwMDAwMDAwLCJkZWxldGUiOjE4MDAwMDAwMDAwMDAsInJlYWQiOjMwMDAwMDAwMDAwMCwidXBkYXRlIjoxODAwMDAwMDAwMDAwfX0=",
          "dependencies": [
            "azurerm_resource_group.vmss"
          ]
        }
      ]
    },
    {
      "mode": "managed",
      "type": "azurerm_lb",
      "name": "vmss",
      "provider": "provider[\"registry.terraform.io/hashicorp/azurerm\"]",
      "instances": [
        {
          "schema_version": 0,
          "attributes": {
            "frontend_ip_configuration": [
              {
                "id": "/subscriptions/bb154300-88af-4fe8-b226-1ca08d7c53d4/resourceGroups/JMC_resource_group/providers/Microsoft.Network/loadBalancers/JMC_vmss-lb/frontendIPConfigurations/JMC_PublicIPAddress",
                "inbound_nat_rules": [],
                "load_balancer_rules": [],
                "name": "JMC_PublicIPAddress",
                "outbound_rules": [],
                "private_ip_address": "",
                "private_ip_address_allocation": "Dynamic",
                "private_ip_address_version": "",
                "public_ip_address_id": "/subscriptions/bb154300-88af-4fe8-b226-1ca08d7c53d4/resourceGroups/JMC_resource_group/providers/Microsoft.Network/publicIPAddresses/JMC_vmss-public-ip",
                "public_ip_prefix_id": "",
                "subnet_id": "",
                "zones": null
              }
            ],
            "id": "/subscriptions/bb154300-88af-4fe8-b226-1ca08d7c53d4/resourceGroups/JMC_resource_group/providers/Microsoft.Network/loadBalancers/JMC_vmss-lb",
            "location": "eastus",
            "name": "JMC_vmss-lb",
            "private_ip_address": "",
            "private_ip_addresses": [],
            "resource_group_name": "JMC_resource_group",
            "sku": "Basic",
            "tags": {
              "Client": "JMC"
            },
            "timeouts": null
          },
          "sensitive_attributes": [],
          "private": "eyJlMmJmYjczMC1lY2FhLTExZTYtOGY4OC0zNDM2M2JjN2M0YzAiOnsiY3JlYXRlIjoxODAwMDAwMDAwMDAwLCJkZWxldGUiOjE4MDAwMDAwMDAwMDAsInJlYWQiOjMwMDAwMDAwMDAwMCwidXBkYXRlIjoxODAwMDAwMDAwMDAwfX0=",
          "dependencies": [
            "azurerm_public_ip.vmss",
            "azurerm_resource_group.vmss",
            "random_string.fqdn"
          ]
        }
      ]
    },
    {
      "mode": "managed",
      "type": "azurerm_lb_backend_address_pool",
      "name": "bpepool",
      "provider": "provider[\"registry.terraform.io/hashicorp/azurerm\"]",
      "instances": [
        {
          "schema_version": 0,
          "attributes": {
            "backend_address": [],
            "backend_ip_configurations": [],
            "id": "/subscriptions/bb154300-88af-4fe8-b226-1ca08d7c53d4/resourceGroups/JMC_resource_group/providers/Microsoft.Network/loadBalancers/JMC_vmss-lb/backendAddressPools/JMC_BackEndAddressPool",
            "load_balancing_rules": [],
            "loadbalancer_id": "/subscriptions/bb154300-88af-4fe8-b226-1ca08d7c53d4/resourceGroups/JMC_resource_group/providers/Microsoft.Network/loadBalancers/JMC_vmss-lb",
            "name": "JMC_BackEndAddressPool",
            "outbound_rules": [],
            "resource_group_name": "JMC_resource_group",
            "timeouts": null
          },
          "sensitive_attributes": [],
          "private": "eyJlMmJmYjczMC1lY2FhLTExZTYtOGY4OC0zNDM2M2JjN2M0YzAiOnsiY3JlYXRlIjoxODAwMDAwMDAwMDAwLCJkZWxldGUiOjE4MDAwMDAwMDAwMDAsInJlYWQiOjMwMDAwMDAwMDAwMCwidXBkYXRlIjoxODAwMDAwMDAwMDAwfX0=",
          "dependencies": [
            "azurerm_lb.vmss",
            "azurerm_public_ip.vmss",
            "azurerm_resource_group.vmss",
            "random_string.fqdn"
          ]
        }
      ]
    },
    {
      "mode": "managed",
      "type": "azurerm_lb_probe",
      "name": "vmss",
      "provider": "provider[\"registry.terraform.io/hashicorp/azurerm\"]",
      "instances": [
        {
          "schema_version": 0,
          "attributes": {
            "id": "/subscriptions/bb154300-88af-4fe8-b226-1ca08d7c53d4/resourceGroups/JMC_resource_group/providers/Microsoft.Network/loadBalancers/JMC_vmss-lb/probes/JMC_ssh-running-probe",
            "interval_in_seconds": 15,
            "load_balancer_rules": [],
            "loadbalancer_id": "/subscriptions/bb154300-88af-4fe8-b226-1ca08d7c53d4/resourceGroups/JMC_resource_group/providers/Microsoft.Network/loadBalancers/JMC_vmss-lb",
            "name": "JMC_ssh-running-probe",
            "number_of_probes": 2,
            "port": 80,
            "protocol": "Tcp",
            "request_path": "",
            "resource_group_name": "JMC_resource_group",
            "timeouts": null
          },
          "sensitive_attributes": [],
          "private": "eyJlMmJmYjczMC1lY2FhLTExZTYtOGY4OC0zNDM2M2JjN2M0YzAiOnsiY3JlYXRlIjoxODAwMDAwMDAwMDAwLCJkZWxldGUiOjE4MDAwMDAwMDAwMDAsInJlYWQiOjMwMDAwMDAwMDAwMCwidXBkYXRlIjoxODAwMDAwMDAwMDAwfX0=",
          "dependencies": [
            "azurerm_lb.vmss",
            "azurerm_public_ip.vmss",
            "azurerm_resource_group.vmss",
            "random_string.fqdn"
          ]
        }
      ]
    },
    {
      "mode": "managed",
      "type": "azurerm_lb_rule",
      "name": "lbnatrule",
      "provider": "provider[\"registry.terraform.io/hashicorp/azurerm\"]",
      "instances": [
        {
          "schema_version": 0,
          "attributes": {
            "backend_address_pool_id": "/subscriptions/bb154300-88af-4fe8-b226-1ca08d7c53d4/resourceGroups/JMC_resource_group/providers/Microsoft.Network/loadBalancers/JMC_vmss-lb/backendAddressPools/JMC_BackEndAddressPool",
            "backend_port": 80,
            "disable_outbound_snat": false,
            "enable_floating_ip": false,
            "enable_tcp_reset": false,
            "frontend_ip_configuration_id": "/subscriptions/bb154300-88af-4fe8-b226-1ca08d7c53d4/resourceGroups/JMC_resource_group/providers/Microsoft.Network/loadBalancers/JMC_vmss-lb/frontendIPConfigurations/JMC_PublicIPAddress",
            "frontend_ip_configuration_name": "JMC_PublicIPAddress",
            "frontend_port": 80,
            "id": "/subscriptions/bb154300-88af-4fe8-b226-1ca08d7c53d4/resourceGroups/JMC_resource_group/providers/Microsoft.Network/loadBalancers/JMC_vmss-lb/loadBalancingRules/http",
            "idle_timeout_in_minutes": 4,
            "load_distribution": "Default",
            "loadbalancer_id": "/subscriptions/bb154300-88af-4fe8-b226-1ca08d7c53d4/resourceGroups/JMC_resource_group/providers/Microsoft.Network/loadBalancers/JMC_vmss-lb",
            "name": "http",
            "probe_id": "/subscriptions/bb154300-88af-4fe8-b226-1ca08d7c53d4/resourceGroups/JMC_resource_group/providers/Microsoft.Network/loadBalancers/JMC_vmss-lb/probes/JMC_ssh-running-probe",
            "protocol": "Tcp",
            "resource_group_name": "JMC_resource_group",
            "timeouts": null
          },
          "sensitive_attributes": [],
          "private": "eyJlMmJmYjczMC1lY2FhLTExZTYtOGY4OC0zNDM2M2JjN2M0YzAiOnsiY3JlYXRlIjoxODAwMDAwMDAwMDAwLCJkZWxldGUiOjE4MDAwMDAwMDAwMDAsInJlYWQiOjMwMDAwMDAwMDAwMCwidXBkYXRlIjoxODAwMDAwMDAwMDAwfX0=",
          "dependencies": [
            "azurerm_lb.vmss",
            "azurerm_lb_backend_address_pool.bpepool",
            "azurerm_lb_probe.vmss",
            "azurerm_public_ip.vmss",
            "azurerm_resource_group.vmss",
            "random_string.fqdn"
          ]
        }
      ]
    },
    {
      "mode": "managed",
      "type": "azurerm_network_interface",
      "name": "jumpbox",
      "provider": "provider[\"registry.terraform.io/hashicorp/azurerm\"]",
      "instances": [
        {
          "schema_version": 0,
          "attributes": {
            "applied_dns_servers": [],
            "dns_servers": [],
            "enable_accelerated_networking": false,
            "enable_ip_forwarding": false,
            "id": "/subscriptions/bb154300-88af-4fe8-b226-1ca08d7c53d4/resourceGroups/JMC_resource_group/providers/Microsoft.Network/networkInterfaces/JMC_jumpbox-nic",
            "internal_dns_name_label": "",
            "internal_domain_name_suffix": "roj044ax553uxki1rtgfm3tzfc.bx.internal.cloudapp.net",
            "ip_configuration": [
              {
                "name": "IPConfiguration",
                "primary": true,
                "private_ip_address": "10.0.2.4",
                "private_ip_address_allocation": "Dynamic",
                "private_ip_address_version": "IPv4",
                "public_ip_address_id": "/subscriptions/bb154300-88af-4fe8-b226-1ca08d7c53d4/resourceGroups/JMC_resource_group/providers/Microsoft.Network/publicIPAddresses/JMC_jumpbox-public-ip",
                "subnet_id": "/subscriptions/bb154300-88af-4fe8-b226-1ca08d7c53d4/resourceGroups/JMC_resource_group/providers/Microsoft.Network/virtualNetworks/JMC_vmss-vnet/subnets/JMC_vmss-subnet"
              }
            ],
            "location": "eastus",
            "mac_address": "",
            "name": "JMC_jumpbox-nic",
            "private_ip_address": "10.0.2.4",
            "private_ip_addresses": [
              "10.0.2.4"
            ],
            "resource_group_name": "JMC_resource_group",
            "tags": {
              "Client": "JMC"
            },
            "timeouts": null,
            "virtual_machine_id": ""
          },
          "sensitive_attributes": [],
          "private": "eyJlMmJmYjczMC1lY2FhLTExZTYtOGY4OC0zNDM2M2JjN2M0YzAiOnsiY3JlYXRlIjoxODAwMDAwMDAwMDAwLCJkZWxldGUiOjE4MDAwMDAwMDAwMDAsInJlYWQiOjMwMDAwMDAwMDAwMCwidXBkYXRlIjoxODAwMDAwMDAwMDAwfX0=",
          "dependencies": [
            "azurerm_public_ip.jumpbox",
            "azurerm_resource_group.vmss",
            "azurerm_subnet.vmss",
            "azurerm_virtual_network.vmss",
            "random_string.fqdn"
          ]
        }
      ]
    },
    {
      "mode": "managed",
      "type": "azurerm_network_security_group",
      "name": "vmss",
      "provider": "provider[\"registry.terraform.io/hashicorp/azurerm\"]",
      "instances": [
        {
          "schema_version": 0,
          "attributes": {
            "id": "/subscriptions/bb154300-88af-4fe8-b226-1ca08d7c53d4/resourceGroups/JMC_resource_group/providers/Microsoft.Network/networkSecurityGroups/JMC_acceptanceTestSecurityGroup",
            "location": "eastus",
            "name": "JMC_acceptanceTestSecurityGroup",
            "resource_group_name": "JMC_resource_group",
            "security_rule": [
              {
                "access": "Deny",
                "description": "",
                "destination_address_prefix": "*",
                "destination_address_prefixes": [],
                "destination_application_security_group_ids": [],
                "destination_port_range": "*",
                "destination_port_ranges": [],
                "direction": "Inbound",
                "name": "test123",
                "priority": 100,
                "protocol": "Tcp",
                "source_address_prefix": "Internet",
                "source_address_prefixes": [],
                "source_application_security_group_ids": [],
                "source_port_range": "*",
                "source_port_ranges": []
              }
            ],
            "tags": {
              "Client": "JMC"
            },
            "timeouts": null
          },
          "sensitive_attributes": [],
          "private": "eyJlMmJmYjczMC1lY2FhLTExZTYtOGY4OC0zNDM2M2JjN2M0YzAiOnsiY3JlYXRlIjoxODAwMDAwMDAwMDAwLCJkZWxldGUiOjE4MDAwMDAwMDAwMDAsInJlYWQiOjMwMDAwMDAwMDAwMCwidXBkYXRlIjoxODAwMDAwMDAwMDAwfX0=",
          "dependencies": [
            "azurerm_resource_group.vmss"
          ]
        }
      ]
    },
    {
      "mode": "managed",
      "type": "azurerm_public_ip",
      "name": "jumpbox",
      "provider": "provider[\"registry.terraform.io/hashicorp/azurerm\"]",
      "instances": [
        {
          "schema_version": 0,
          "attributes": {
            "allocation_method": "Static",
            "domain_name_label": "hqansx-ssh",
            "fqdn": "hqansx-ssh.eastus.cloudapp.azure.com",
            "id": "/subscriptions/bb154300-88af-4fe8-b226-1ca08d7c53d4/resourceGroups/JMC_resource_group/providers/Microsoft.Network/publicIPAddresses/JMC_jumpbox-public-ip",
            "idle_timeout_in_minutes": 4,
            "ip_address": "20.115.114.94",
            "ip_version": "IPv4",
            "location": "eastus",
            "name": "JMC_jumpbox-public-ip",
            "public_ip_prefix_id": null,
            "resource_group_name": "JMC_resource_group",
            "reverse_fqdn": "",
            "sku": "Basic",
            "tags": {
              "Client": "JMC"
            },
            "timeouts": null,
            "zones": null
          },
          "sensitive_attributes": [],
          "private": "eyJlMmJmYjczMC1lY2FhLTExZTYtOGY4OC0zNDM2M2JjN2M0YzAiOnsiY3JlYXRlIjoxODAwMDAwMDAwMDAwLCJkZWxldGUiOjE4MDAwMDAwMDAwMDAsInJlYWQiOjMwMDAwMDAwMDAwMCwidXBkYXRlIjoxODAwMDAwMDAwMDAwfX0=",
          "dependencies": [
            "azurerm_resource_group.vmss",
            "random_string.fqdn"
          ]
        }
      ]
    },
    {
      "mode": "managed",
      "type": "azurerm_public_ip",
      "name": "vmss",
      "provider": "provider[\"registry.terraform.io/hashicorp/azurerm\"]",
      "instances": [
        {
          "schema_version": 0,
          "attributes": {
            "allocation_method": "Static",
            "domain_name_label": "hqansx",
            "fqdn": "hqansx.eastus.cloudapp.azure.com",
            "id": "/subscriptions/bb154300-88af-4fe8-b226-1ca08d7c53d4/resourceGroups/JMC_resource_group/providers/Microsoft.Network/publicIPAddresses/JMC_vmss-public-ip",
            "idle_timeout_in_minutes": 4,
            "ip_address": "20.115.112.90",
            "ip_version": "IPv4",
            "location": "eastus",
            "name": "JMC_vmss-public-ip",
            "public_ip_prefix_id": null,
            "resource_group_name": "JMC_resource_group",
            "reverse_fqdn": "",
            "sku": "Basic",
            "tags": {
              "Client": "JMC"
            },
            "timeouts": null,
            "zones": null
          },
          "sensitive_attributes": [],
          "private": "eyJlMmJmYjczMC1lY2FhLTExZTYtOGY4OC0zNDM2M2JjN2M0YzAiOnsiY3JlYXRlIjoxODAwMDAwMDAwMDAwLCJkZWxldGUiOjE4MDAwMDAwMDAwMDAsInJlYWQiOjMwMDAwMDAwMDAwMCwidXBkYXRlIjoxODAwMDAwMDAwMDAwfX0=",
          "dependencies": [
            "azurerm_resource_group.vmss",
            "random_string.fqdn"
          ]
        }
      ]
    },
    {
      "mode": "managed",
      "type": "azurerm_resource_group",
      "name": "vmss",
      "provider": "provider[\"registry.terraform.io/hashicorp/azurerm\"]",
      "instances": [
        {
          "schema_version": 0,
          "attributes": {
            "id": "/subscriptions/bb154300-88af-4fe8-b226-1ca08d7c53d4/resourceGroups/JMC_resource_group",
            "location": "eastus",
            "name": "JMC_resource_group",
            "tags": {
              "Client": "JMC"
            },
            "timeouts": null
          },
          "sensitive_attributes": [],
          "private": "eyJlMmJmYjczMC1lY2FhLTExZTYtOGY4OC0zNDM2M2JjN2M0YzAiOnsiY3JlYXRlIjo1NDAwMDAwMDAwMDAwLCJkZWxldGUiOjU0MDAwMDAwMDAwMDAsInJlYWQiOjMwMDAwMDAwMDAwMCwidXBkYXRlIjo1NDAwMDAwMDAwMDAwfX0="
        }
      ]
    },
    {
      "mode": "managed",
      "type": "azurerm_subnet",
      "name": "vmss",
      "provider": "provider[\"registry.terraform.io/hashicorp/azurerm\"]",
      "instances": [
        {
          "schema_version": 0,
          "attributes": {
            "address_prefix": "10.0.2.0/24",
            "address_prefixes": [
              "10.0.2.0/24"
            ],
            "delegation": [],
            "enforce_private_link_endpoint_network_policies": false,
            "enforce_private_link_service_network_policies": false,
            "id": "/subscriptions/bb154300-88af-4fe8-b226-1ca08d7c53d4/resourceGroups/JMC_resource_group/providers/Microsoft.Network/virtualNetworks/JMC_vmss-vnet/subnets/JMC_vmss-subnet",
            "name": "JMC_vmss-subnet",
            "resource_group_name": "JMC_resource_group",
            "service_endpoint_policy_ids": null,
            "service_endpoints": null,
            "timeouts": null,
            "virtual_network_name": "JMC_vmss-vnet"
          },
          "sensitive_attributes": [],
          "private": "eyJlMmJmYjczMC1lY2FhLTExZTYtOGY4OC0zNDM2M2JjN2M0YzAiOnsiY3JlYXRlIjoxODAwMDAwMDAwMDAwLCJkZWxldGUiOjE4MDAwMDAwMDAwMDAsInJlYWQiOjMwMDAwMDAwMDAwMCwidXBkYXRlIjoxODAwMDAwMDAwMDAwfX0=",
          "dependencies": [
            "azurerm_resource_group.vmss",
            "azurerm_virtual_network.vmss"
          ]
        }
      ]
    },
    {
      "mode": "managed",
      "type": "azurerm_virtual_machine",
      "name": "jumpbox",
      "provider": "provider[\"registry.terraform.io/hashicorp/azurerm\"]",
      "instances": [
        {
          "schema_version": 0,
          "attributes": {
            "additional_capabilities": [],
            "availability_set_id": null,
            "boot_diagnostics": [],
            "delete_data_disks_on_termination": false,
            "delete_os_disk_on_termination": false,
            "id": "/subscriptions/bb154300-88af-4fe8-b226-1ca08d7c53d4/resourceGroups/JMC_resource_group/providers/Microsoft.Compute/virtualMachines/JMC-jumpbox",
            "identity": [],
            "license_type": null,
            "location": "eastus",
            "name": "JMC-jumpbox",
            "network_interface_ids": [
              "/subscriptions/bb154300-88af-4fe8-b226-1ca08d7c53d4/resourceGroups/JMC_resource_group/providers/Microsoft.Network/networkInterfaces/JMC_jumpbox-nic"
            ],
            "os_profile": [
              {
                "admin_password": "",
                "admin_username": "azureuser",
                "computer_name": "JMC-jumpbox",
                "custom_data": ""
              }
            ],
            "os_profile_linux_config": [
              {
                "disable_password_authentication": true,
                "ssh_keys": [
                  {
                    "key_data": "ssh-rsa AAAAB3NzaC1yc2EAAAADAQABAAABAQC35EkhS/+ILrhcCHNzAlYx1kGHOMX2COVglDV1pIINSNZd15+s5jaFzm+ETFzx/mVfCWbqu4GudrxqLdrf/Gr/QpNDzJd3pPDVc4V8JBhswuj7IrT8bTfstXCx+LprKJBCfkkV9menhJKMzPMLQLh5E+dkpqAsVnVGqN1Os04uj9EtnpIs7nNXT5rOegV68WqVRkwromg1cMD2moic9tUbdIeqEHsKxdNefwGGqdcJN+Z97uR/qD9EnmLZ0Fqwh5VIjKVwYhiWTIjKYJZfLbjMF/fM0MIs826Pfd2PaE4mG6iKxYan7XttuQyhlK7M3AnYr47yvliJNwFnONAQq0tb",
                    "path": "/home/azureuser/.ssh/authorized_keys"
                  }
                ]
              }
            ],
            "os_profile_secrets": [],
            "os_profile_windows_config": [],
            "plan": [],
            "primary_network_interface_id": null,
            "proximity_placement_group_id": null,
            "resource_group_name": "JMC_resource_group",
            "storage_data_disk": [],
            "storage_image_reference": [
              {
                "id": "",
                "offer": "UbuntuServer",
                "publisher": "Canonical",
                "sku": "16.04-LTS",
                "version": "latest"
              }
            ],
            "storage_os_disk": [
              {
                "caching": "ReadWrite",
                "create_option": "FromImage",
                "disk_size_gb": 30,
                "image_uri": "",
                "managed_disk_id": "/subscriptions/bb154300-88af-4fe8-b226-1ca08d7c53d4/resourceGroups/JMC_resource_group/providers/Microsoft.Compute/disks/jumpbox-osdisk",
                "managed_disk_type": "Standard_LRS",
                "name": "jumpbox-osdisk",
                "os_type": "Linux",
                "vhd_uri": "",
                "write_accelerator_enabled": false
              }
            ],
            "tags": {
              "Client": "JMC"
            },
            "timeouts": null,
            "vm_size": "Standard_DS1_v2",
            "zones": null
          },
          "sensitive_attributes": [],
          "private": "eyJlMmJmYjczMC1lY2FhLTExZTYtOGY4OC0zNDM2M2JjN2M0YzAiOnsiY3JlYXRlIjozNjAwMDAwMDAwMDAwLCJkZWxldGUiOjM2MDAwMDAwMDAwMDAsInJlYWQiOjMwMDAwMDAwMDAwMCwidXBkYXRlIjozNjAwMDAwMDAwMDAwfX0=",
          "dependencies": [
            "azurerm_network_interface.jumpbox",
            "azurerm_public_ip.jumpbox",
            "azurerm_resource_group.vmss",
            "azurerm_subnet.vmss",
            "azurerm_virtual_network.vmss",
            "random_string.fqdn"
          ]
        }
      ]
    },
    {
      "mode": "managed",
      "type": "azurerm_virtual_machine_scale_set",
      "name": "vmss",
      "provider": "provider[\"registry.terraform.io/hashicorp/azurerm\"]",
      "instances": [
        {
          "schema_version": 1,
          "attributes": {
            "automatic_os_upgrade": false,
            "boot_diagnostics": [],
            "eviction_policy": "",
            "extension": [],
            "health_probe_id": null,
            "id": "/subscriptions/bb154300-88af-4fe8-b226-1ca08d7c53d4/resourceGroups/JMC_resource_group/providers/Microsoft.Compute/virtualMachineScaleSets/JMC_vmscaleset",
            "identity": [],
            "license_type": "",
            "location": "eastus",
            "name": "JMC_vmscaleset",
            "network_profile": [
              {
                "accelerated_networking": false,
                "dns_settings": [
                  {
                    "dns_servers": []
                  }
                ],
                "ip_configuration": [
                  {
                    "application_gateway_backend_address_pool_ids": [],
                    "application_security_group_ids": [],
                    "load_balancer_backend_address_pool_ids": [
                      "/subscriptions/bb154300-88af-4fe8-b226-1ca08d7c53d4/resourceGroups/JMC_resource_group/providers/Microsoft.Network/loadBalancers/JMC_vmss-lb/backendAddressPools/JMC_BackEndAddressPool"
                    ],
                    "load_balancer_inbound_nat_rules_ids": [],
                    "name": "IPConfiguration",
                    "primary": true,
                    "public_ip_address_configuration": [],
                    "subnet_id": "/subscriptions/bb154300-88af-4fe8-b226-1ca08d7c53d4/resourceGroups/JMC_resource_group/providers/Microsoft.Network/virtualNetworks/JMC_vmss-vnet/subnets/JMC_vmss-subnet"
                  }
                ],
                "ip_forwarding": false,
                "name": "terraformnetworkprofile",
                "network_security_group_id": "",
                "primary": true
              }
            ],
            "os_profile": [
              {
                "admin_password": "password",
                "admin_username": "azureuser",
                "computer_name_prefix": "vmlab",
                "custom_data": ""
              }
            ],
            "os_profile_linux_config": [
              {
                "disable_password_authentication": true,
                "ssh_keys": [
                  {
                    "key_data": "ssh-rsa AAAAB3NzaC1yc2EAAAADAQABAAABAQC35EkhS/+ILrhcCHNzAlYx1kGHOMX2COVglDV1pIINSNZd15+s5jaFzm+ETFzx/mVfCWbqu4GudrxqLdrf/Gr/QpNDzJd3pPDVc4V8JBhswuj7IrT8bTfstXCx+LprKJBCfkkV9menhJKMzPMLQLh5E+dkpqAsVnVGqN1Os04uj9EtnpIs7nNXT5rOegV68WqVRkwromg1cMD2moic9tUbdIeqEHsKxdNefwGGqdcJN+Z97uR/qD9EnmLZ0Fqwh5VIjKVwYhiWTIjKYJZfLbjMF/fM0MIs826Pfd2PaE4mG6iKxYan7XttuQyhlK7M3AnYr47yvliJNwFnONAQq0tb",
                    "path": "/home/azureuser/.ssh/authorized_keys"
                  }
                ]
              }
            ],
            "os_profile_secrets": [],
            "os_profile_windows_config": [],
            "overprovision": true,
            "plan": [],
            "priority": "",
            "proximity_placement_group_id": null,
            "resource_group_name": "JMC_resource_group",
            "rolling_upgrade_policy": [],
            "single_placement_group": true,
            "sku": [
              {
                "capacity": 2,
                "name": "Standard_DS1_v2",
                "tier": "Standard"
              }
            ],
            "storage_profile_data_disk": [
              {
                "caching": "ReadWrite",
                "create_option": "Empty",
                "disk_size_gb": 10,
                "lun": 0,
                "managed_disk_type": "Standard_LRS"
              }
            ],
            "storage_profile_image_reference": [
              {
                "id": "/subscriptions/bb154300-88af-4fe8-b226-1ca08d7c53d4/resourceGroups/myPackerImages/providers/Microsoft.Compute/images/myPackerImage",
                "offer": "",
                "publisher": "",
                "sku": "",
                "version": ""
              }
            ],
            "storage_profile_os_disk": [
              {
                "caching": "ReadWrite",
                "create_option": "FromImage",
                "image": "",
                "managed_disk_type": "Standard_LRS",
                "name": "",
                "os_type": "",
                "vhd_containers": []
              }
            ],
            "tags": {
              "Client": "JMC"
            },
            "timeouts": null,
            "upgrade_policy_mode": "Manual",
            "zones": null
          },
          "sensitive_attributes": [],
          "private": "eyJlMmJmYjczMC1lY2FhLTExZTYtOGY4OC0zNDM2M2JjN2M0YzAiOnsiY3JlYXRlIjozNjAwMDAwMDAwMDAwLCJkZWxldGUiOjM2MDAwMDAwMDAwMDAsInJlYWQiOjMwMDAwMDAwMDAwMCwidXBkYXRlIjozNjAwMDAwMDAwMDAwfSwic2NoZW1hX3ZlcnNpb24iOiIxIn0=",
          "dependencies": [
            "azurerm_lb.vmss",
            "azurerm_lb_backend_address_pool.bpepool",
            "azurerm_public_ip.vmss",
            "azurerm_resource_group.vmss",
            "azurerm_subnet.vmss",
            "azurerm_virtual_network.vmss",
            "data.azurerm_image.image",
            "random_string.fqdn"
          ]
        }
      ]
    },
    {
      "mode": "managed",
      "type": "azurerm_virtual_network",
      "name": "vmss",
      "provider": "provider[\"registry.terraform.io/hashicorp/azurerm\"]",
      "instances": [
        {
          "schema_version": 0,
          "attributes": {
            "address_space": [
              "10.0.0.0/16"
            ],
            "bgp_community": "",
            "ddos_protection_plan": [],
            "dns_servers": null,
            "guid": "78af938b-ff17-4bfb-a91b-8ccc5676792a",
            "id": "/subscriptions/bb154300-88af-4fe8-b226-1ca08d7c53d4/resourceGroups/JMC_resource_group/providers/Microsoft.Network/virtualNetworks/JMC_vmss-vnet",
            "location": "eastus",
            "name": "JMC_vmss-vnet",
            "resource_group_name": "JMC_resource_group",
            "subnet": [],
            "tags": {
              "Client": "JMC"
            },
            "timeouts": null,
            "vm_protection_enabled": false
          },
          "sensitive_attributes": [],
          "private": "eyJlMmJmYjczMC1lY2FhLTExZTYtOGY4OC0zNDM2M2JjN2M0YzAiOnsiY3JlYXRlIjoxODAwMDAwMDAwMDAwLCJkZWxldGUiOjE4MDAwMDAwMDAwMDAsInJlYWQiOjMwMDAwMDAwMDAwMCwidXBkYXRlIjoxODAwMDAwMDAwMDAwfX0=",
          "dependencies": [
            "azurerm_resource_group.vmss"
          ]
        }
      ]
    },
    {
      "mode": "managed",
      "type": "random_string",
      "name": "fqdn",
      "provider": "provider[\"registry.terraform.io/hashicorp/random\"]",
      "instances": [
        {
          "schema_version": 1,
          "attributes": {
            "id": "hqansx",
            "keepers": null,
            "length": 6,
            "lower": true,
            "min_lower": 0,
            "min_numeric": 0,
            "min_special": 0,
            "min_upper": 0,
            "number": false,
            "override_special": null,
            "result": "hqansx",
            "special": false,
            "upper": false
          },
          "sensitive_attributes": [],
          "private": "eyJzY2hlbWFfdmVyc2lvbiI6IjEifQ=="
        }
      ]
    }
  ]
}
